// !$*UTF8*$!
{
	archiveVersion = 1;
	classes = {
	};
	objectVersion = 50;
	objects = {

/* Begin PBXBuildFile section */
		41877DAE29ED9DDE00765193 /* AppDelegate.swift in Sources */ = {isa = PBXBuildFile; fileRef = 41877DAD29ED9DDE00765193 /* AppDelegate.swift */; };
		41877DB029ED9DDE00765193 /* ViewController.swift in Sources */ = {isa = PBXBuildFile; fileRef = 41877DAF29ED9DDE00765193 /* ViewController.swift */; };
		41877DB329ED9DDF00765193 /* Main.storyboard in Resources */ = {isa = PBXBuildFile; fileRef = 41877DB129ED9DDF00765193 /* Main.storyboard */; };
		41877DB629ED9DDF00765193 /* CoreDataApp.xcdatamodeld in Sources */ = {isa = PBXBuildFile; fileRef = 41877DB429ED9DDF00765193 /* CoreDataApp.xcdatamodeld */; };
		41877DB829ED9DEA00765193 /* Assets.xcassets in Resources */ = {isa = PBXBuildFile; fileRef = 41877DB729ED9DEA00765193 /* Assets.xcassets */; };
		41877DBB29ED9DEA00765193 /* LaunchScreen.storyboard in Resources */ = {isa = PBXBuildFile; fileRef = 41877DB929ED9DEA00765193 /* LaunchScreen.storyboard */; };
		41877DC629ED9DEB00765193 /* CoreDataAppUITests.swift in Sources */ = {isa = PBXBuildFile; fileRef = 41877DC529ED9DEB00765193 /* CoreDataAppUITests.swift */; };
		41877DD229EDA6A700765193 /* ToDoListItem+CoreDataClass.swift in Sources */ = {isa = PBXBuildFile; fileRef = 41877DD029EDA6A700765193 /* ToDoListItem+CoreDataClass.swift */; };
		41877DD329EDA6A700765193 /* ToDoListItem+CoreDataProperties.swift in Sources */ = {isa = PBXBuildFile; fileRef = 41877DD129EDA6A700765193 /* ToDoListItem+CoreDataProperties.swift */; };
/* End PBXBuildFile section */

/* Begin PBXContainerItemProxy section */
		41877DC229ED9DEB00765193 /* PBXContainerItemProxy */ = {
			isa = PBXContainerItemProxy;
			containerPortal = 41877DA229ED9DDE00765193 /* Project object */;
			proxyType = 1;
			remoteGlobalIDString = 41877DA929ED9DDE00765193;
			remoteInfo = CoreDataApp;
		};
/* End PBXContainerItemProxy section */

/* Begin PBXFileReference section */
		41877DAA29ED9DDE00765193 /* CoreDataApp.app */ = {isa = PBXFileReference; explicitFileType = wrapper.application; includeInIndex = 0; path = CoreDataApp.app; sourceTree = BUILT_PRODUCTS_DIR; };
		41877DAD29ED9DDE00765193 /* AppDelegate.swift */ = {isa = PBXFileReference; lastKnownFileType = sourcecode.swift; path = AppDelegate.swift; sourceTree = "<group>"; };
		41877DAF29ED9DDE00765193 /* ViewController.swift */ = {isa = PBXFileReference; lastKnownFileType = sourcecode.swift; path = ViewController.swift; sourceTree = "<group>"; };
		41877DB229ED9DDF00765193 /* Base */ = {isa = PBXFileReference; lastKnownFileType = file.storyboard; name = Base; path = Base.lproj/Main.storyboard; sourceTree = "<group>"; };
		41877DB529ED9DDF00765193 /* CoreDataApp.xcdatamodel */ = {isa = PBXFileReference; lastKnownFileType = wrapper.xcdatamodel; path = CoreDataApp.xcdatamodel; sourceTree = "<group>"; };
		41877DB729ED9DEA00765193 /* Assets.xcassets */ = {isa = PBXFileReference; lastKnownFileType = folder.assetcatalog; path = Assets.xcassets; sourceTree = "<group>"; };
		41877DBA29ED9DEA00765193 /* Base */ = {isa = PBXFileReference; lastKnownFileType = file.storyboard; name = Base; path = Base.lproj/LaunchScreen.storyboard; sourceTree = "<group>"; };
		41877DBC29ED9DEA00765193 /* Info.plist */ = {isa = PBXFileReference; lastKnownFileType = text.plist.xml; path = Info.plist; sourceTree = "<group>"; };
		41877DC129ED9DEB00765193 /* CoreDataAppUITests.xctest */ = {isa = PBXFileReference; explicitFileType = wrapper.cfbundle; includeInIndex = 0; path = CoreDataAppUITests.xctest; sourceTree = BUILT_PRODUCTS_DIR; };
		41877DC529ED9DEB00765193 /* CoreDataAppUITests.swift */ = {isa = PBXFileReference; lastKnownFileType = sourcecode.swift; path = CoreDataAppUITests.swift; sourceTree = "<group>"; };
		41877DC729ED9DEB00765193 /* Info.plist */ = {isa = PBXFileReference; lastKnownFileType = text.plist.xml; path = Info.plist; sourceTree = "<group>"; };
		41877DD029EDA6A700765193 /* ToDoListItem+CoreDataClass.swift */ = {isa = PBXFileReference; lastKnownFileType = sourcecode.swift; path = "ToDoListItem+CoreDataClass.swift"; sourceTree = "<group>"; };
		41877DD129EDA6A700765193 /* ToDoListItem+CoreDataProperties.swift */ = {isa = PBXFileReference; lastKnownFileType = sourcecode.swift; path = "ToDoListItem+CoreDataProperties.swift"; sourceTree = "<group>"; };
/* End PBXFileReference section */

/* Begin PBXFrameworksBuildPhase section */
		41877DA729ED9DDE00765193 /* Frameworks */ = {
			isa = PBXFrameworksBuildPhase;
			buildActionMask = 2147483647;
			files = (
			);
			runOnlyForDeploymentPostprocessing = 0;
		};
		41877DBE29ED9DEB00765193 /* Frameworks */ = {
			isa = PBXFrameworksBuildPhase;
			buildActionMask = 2147483647;
			files = (
			);
			runOnlyForDeploymentPostprocessing = 0;
		};
/* End PBXFrameworksBuildPhase section */

/* Begin PBXGroup section */
		41877DA129ED9DDE00765193 = {
			isa = PBXGroup;
			children = (
				41877DAC29ED9DDE00765193 /* CoreDataApp */,
				41877DC429ED9DEB00765193 /* CoreDataAppUITests */,
				41877DAB29ED9DDE00765193 /* Products */,
			);
			sourceTree = "<group>";
		};
		41877DAB29ED9DDE00765193 /* Products */ = {
			isa = PBXGroup;
			children = (
				41877DAA29ED9DDE00765193 /* CoreDataApp.app */,
				41877DC129ED9DEB00765193 /* CoreDataAppUITests.xctest */,
			);
			name = Products;
			sourceTree = "<group>";
		};
		41877DAC29ED9DDE00765193 /* CoreDataApp */ = {
			isa = PBXGroup;
			children = (
				41877DD429EDA70B00765193 /* ToDoListItem */,
				41877DAD29ED9DDE00765193 /* AppDelegate.swift */,
				41877DAF29ED9DDE00765193 /* ViewController.swift */,
				41877DB129ED9DDF00765193 /* Main.storyboard */,
				41877DB729ED9DEA00765193 /* Assets.xcassets */,
				41877DB929ED9DEA00765193 /* LaunchScreen.storyboard */,
				41877DBC29ED9DEA00765193 /* Info.plist */,
				41877DB429ED9DDF00765193 /* CoreDataApp.xcdatamodeld */,
			);
			path = CoreDataApp;
			sourceTree = "<group>";
		};
		41877DC429ED9DEB00765193 /* CoreDataAppUITests */ = {
			isa = PBXGroup;
			children = (
				41877DC529ED9DEB00765193 /* CoreDataAppUITests.swift */,
				41877DC729ED9DEB00765193 /* Info.plist */,
			);
			path = CoreDataAppUITests;
			sourceTree = "<group>";
		};
		41877DD429EDA70B00765193 /* ToDoListItem */ = {
			isa = PBXGroup;
			children = (
				41877DD029EDA6A700765193 /* ToDoListItem+CoreDataClass.swift */,
				41877DD129EDA6A700765193 /* ToDoListItem+CoreDataProperties.swift */,
			);
			path = ToDoListItem;
			sourceTree = "<group>";
		};
/* End PBXGroup section */

/* Begin PBXNativeTarget section */
		41877DA929ED9DDE00765193 /* CoreDataApp */ = {
			isa = PBXNativeTarget;
			buildConfigurationList = 41877DCA29ED9DEB00765193 /* Build configuration list for PBXNativeTarget "CoreDataApp" */;
			buildPhases = (
				41877DA629ED9DDE00765193 /* Sources */,
				41877DA729ED9DDE00765193 /* Frameworks */,
				41877DA829ED9DDE00765193 /* Resources */,
			);
			buildRules = (
			);
			dependencies = (
			);
			name = CoreDataApp;
			productName = CoreDataApp;
			productReference = 41877DAA29ED9DDE00765193 /* CoreDataApp.app */;
			productType = "com.apple.product-type.application";
		};
		41877DC029ED9DEB00765193 /* CoreDataAppUITests */ = {
			isa = PBXNativeTarget;
			buildConfigurationList = 41877DCD29ED9DEB00765193 /* Build configuration list for PBXNativeTarget "CoreDataAppUITests" */;
			buildPhases = (
				41877DBD29ED9DEB00765193 /* Sources */,
				41877DBE29ED9DEB00765193 /* Frameworks */,
				41877DBF29ED9DEB00765193 /* Resources */,
			);
			buildRules = (
			);
			dependencies = (
				41877DC329ED9DEB00765193 /* PBXTargetDependency */,
			);
			name = CoreDataAppUITests;
			productName = CoreDataAppUITests;
			productReference = 41877DC129ED9DEB00765193 /* CoreDataAppUITests.xctest */;
			productType = "com.apple.product-type.bundle.ui-testing";
		};
/* End PBXNativeTarget section */

/* Begin PBXProject section */
		41877DA229ED9DDE00765193 /* Project object */ = {
			isa = PBXProject;
			attributes = {
				LastSwiftUpdateCheck = 0940;
				LastUpgradeCheck = 0940;
				ORGANIZATIONNAME = "Canadore Student";
				TargetAttributes = {
					41877DA929ED9DDE00765193 = {
						CreatedOnToolsVersion = 9.4.1;
					};
					41877DC029ED9DEB00765193 = {
						CreatedOnToolsVersion = 9.4.1;
						TestTargetID = 41877DA929ED9DDE00765193;
					};
				};
			};
			buildConfigurationList = 41877DA529ED9DDE00765193 /* Build configuration list for PBXProject "CoreDataApp" */;
			compatibilityVersion = "Xcode 9.3";
			developmentRegion = en;
			hasScannedForEncodings = 0;
			knownRegions = (
				en,
				Base,
			);
			mainGroup = 41877DA129ED9DDE00765193;
			productRefGroup = 41877DAB29ED9DDE00765193 /* Products */;
			projectDirPath = "";
			projectRoot = "";
			targets = (
				41877DA929ED9DDE00765193 /* CoreDataApp */,
				41877DC029ED9DEB00765193 /* CoreDataAppUITests */,
			);
		};
/* End PBXProject section */

/* Begin PBXResourcesBuildPhase section */
		41877DA829ED9DDE00765193 /* Resources */ = {
			isa = PBXResourcesBuildPhase;
			buildActionMask = 2147483647;
			files = (
				41877DBB29ED9DEA00765193 /* LaunchScreen.storyboard in Resources */,
				41877DB829ED9DEA00765193 /* Assets.xcassets in Resources */,
				41877DB329ED9DDF00765193 /* Main.storyboard in Resources */,
			);
			runOnlyForDeploymentPostprocessing = 0;
		};
		41877DBF29ED9DEB00765193 /* Resources */ = {
			isa = PBXResourcesBuildPhase;
			buildActionMask = 2147483647;
			files = (
			);
			runOnlyForDeploymentPostprocessing = 0;
		};
/* End PBXResourcesBuildPhase section */

/* Begin PBXSourcesBuildPhase section */
		41877DA629ED9DDE00765193 /* Sources */ = {
			isa = PBXSourcesBuildPhase;
			buildActionMask = 2147483647;
			files = (
				41877DD229EDA6A700765193 /* ToDoListItem+CoreDataClass.swift in Sources */,
				41877DB029ED9DDE00765193 /* ViewController.swift in Sources */,
				41877DB629ED9DDF00765193 /* CoreDataApp.xcdatamodeld in Sources */,
				41877DAE29ED9DDE00765193 /* AppDelegate.swift in Sources */,
				41877DD329EDA6A700765193 /* ToDoListItem+CoreDataProperties.swift in Sources */,
			);
			runOnlyForDeploymentPostprocessing = 0;
		};
		41877DBD29ED9DEB00765193 /* Sources */ = {
			isa = PBXSourcesBuildPhase;
			buildActionMask = 2147483647;
			files = (
				41877DC629ED9DEB00765193 /* CoreDataAppUITests.swift in Sources */,
			);
			runOnlyForDeploymentPostprocessing = 0;
		};
/* End PBXSourcesBuildPhase section */

/* Begin PBXTargetDependency section */
		41877DC329ED9DEB00765193 /* PBXTargetDependency */ = {
			isa = PBXTargetDependency;
			target = 41877DA929ED9DDE00765193 /* CoreDataApp */;
			targetProxy = 41877DC229ED9DEB00765193 /* PBXContainerItemProxy */;
		};
/* End PBXTargetDependency section */

/* Begin PBXVariantGroup section */
		41877DB129ED9DDF00765193 /* Main.storyboard */ = {
			isa = PBXVariantGroup;
			children = (
				41877DB229ED9DDF00765193 /* Base */,
			);
			name = Main.storyboard;
			sourceTree = "<group>";
		};
		41877DB929ED9DEA00765193 /* LaunchScreen.storyboard */ = {
			isa = PBXVariantGroup;
			children = (
				41877DBA29ED9DEA00765193 /* Base */,
			);
			name = LaunchScreen.storyboard;
			sourceTree = "<group>";
		};
/* End PBXVariantGroup section */

/* Begin XCBuildConfiguration section */
		41877DC829ED9DEB00765193 /* Debug */ = {
			isa = XCBuildConfiguration;
			buildSettings = {
				ALWAYS_SEARCH_USER_PATHS = NO;
				CLANG_ANALYZER_NONNULL = YES;
				CLANG_ANALYZER_NUMBER_OBJECT_CONVERSION = YES_AGGRESSIVE;
				CLANG_CXX_LANGUAGE_STANDARD = "gnu++14";
				CLANG_CXX_LIBRARY = "libc++";
				CLANG_ENABLE_MODULES = YES;
				CLANG_ENABLE_OBJC_ARC = YES;
				CLANG_ENABLE_OBJC_WEAK = YES;
				CLANG_WARN_BLOCK_CAPTURE_AUTORELEASING = YES;
				CLANG_WARN_BOOL_CONVERSION = YES;
				CLANG_WARN_COMMA = YES;
				CLANG_WARN_CONSTANT_CONVERSION = YES;
				CLANG_WARN_DEPRECATED_OBJC_IMPLEMENTATIONS = YES;
				CLANG_WARN_DIRECT_OBJC_ISA_USAGE = YES_ERROR;
				CLANG_WARN_DOCUMENTATION_COMMENTS = YES;
				CLANG_WARN_EMPTY_BODY = YES;
				CLANG_WARN_ENUM_CONVERSION = YES;
				CLANG_WARN_INFINITE_RECURSION = YES;
				CLANG_WARN_INT_CONVERSION = YES;
				CLANG_WARN_NON_LITERAL_NULL_CONVERSION = YES;
				CLANG_WARN_OBJC_IMPLICIT_RETAIN_SELF = YES;
				CLANG_WARN_OBJC_LITERAL_CONVERSION = YES;
				CLANG_WARN_OBJC_ROOT_CLASS = YES_ERROR;
				CLANG_WARN_RANGE_LOOP_ANALYSIS = YES;
				CLANG_WARN_STRICT_PROTOTYPES = YES;
				CLANG_WARN_SUSPICIOUS_MOVE = YES;
				CLANG_WARN_UNGUARDED_AVAILABILITY = YES_AGGRESSIVE;
				CLANG_WARN_UNREACHABLE_CODE = YES;
				CLANG_WARN__DUPLICATE_METHOD_MATCH = YES;
				CODE_SIGN_IDENTITY = "iPhone Developer";
				COPY_PHASE_STRIP = NO;
				DEBUG_INFORMATION_FORMAT = dwarf;
				ENABLE_STRICT_OBJC_MSGSEND = YES;
				ENABLE_TESTABILITY = YES;
				GCC_C_LANGUAGE_STANDARD = gnu11;
				GCC_DYNAMIC_NO_PIC = NO;
				GCC_NO_COMMON_BLOCKS = YES;
				GCC_OPTIMIZATION_LEVEL = 0;
				GCC_PREPROCESSOR_DEFINITIONS = (
					"DEBUG=1",
					"$(inherited)",
				);
				GCC_WARN_64_TO_32_BIT_CONVERSION = YES;
				GCC_WARN_ABOUT_RETURN_TYPE = YES_ERROR;
				GCC_WARN_UNDECLARED_SELECTOR = YES;
				GCC_WARN_UNINITIALIZED_AUTOS = YES_AGGRESSIVE;
				GCC_WARN_UNUSED_FUNCTION = YES;
				GCC_WARN_UNUSED_VARIABLE = YES;
				IPHONEOS_DEPLOYMENT_TARGET = 11.4;
				MTL_ENABLE_DEBUG_INFO = YES;
				ONLY_ACTIVE_ARCH = YES;
				SDKROOT = iphoneos;
				SWIFT_ACTIVE_COMPILATION_CONDITIONS = DEBUG;
				SWIFT_OPTIMIZATION_LEVEL = "-Onone";
			};
			name = Debug;
		};
		41877DC929ED9DEB00765193 /* Release */ = {
			isa = XCBuildConfiguration;
			buildSettings = {
				ALWAYS_SEARCH_USER_PATHS = NO;
				CLANG_ANALYZER_NONNULL = YES;
				CLANG_ANALYZER_NUMBER_OBJECT_CONVERSION = YES_AGGRESSIVE;
				CLANG_CXX_LANGUAGE_STANDARD = "gnu++14";
				CLANG_CXX_LIBRARY = "libc++";
				CLANG_ENABLE_MODULES = YES;
				CLANG_ENABLE_OBJC_ARC = YES;
				CLANG_ENABLE_OBJC_WEAK = YES;
				CLANG_WARN_BLOCK_CAPTURE_AUTORELEASING = YES;
				CLANG_WARN_BOOL_CONVERSION = YES;
				CLANG_WARN_COMMA = YES;
				CLANG_WARN_CONSTANT_CONVERSION = YES;
				CLANG_WARN_DEPRECATED_OBJC_IMPLEMENTATIONS = YES;
				CLANG_WARN_DIRECT_OBJC_ISA_USAGE = YES_ERROR;
				CLANG_WARN_DOCUMENTATION_COMMENTS = YES;
				CLANG_WARN_EMPTY_BODY = YES;
				CLANG_WARN_ENUM_CONVERSION = YES;
				CLANG_WARN_INFINITE_RECURSION = YES;
				CLANG_WARN_INT_CONVERSION = YES;
				CLANG_WARN_NON_LITERAL_NULL_CONVERSION = YES;
				CLANG_WARN_OBJC_IMPLICIT_RETAIN_SELF = YES;
				CLANG_WARN_OBJC_LITERAL_CONVERSION = YES;
				CLANG_WARN_OBJC_ROOT_CLASS = YES_ERROR;
				CLANG_WARN_RANGE_LOOP_ANALYSIS = YES;
				CLANG_WARN_STRICT_PROTOTYPES = YES;
				CLANG_WARN_SUSPICIOUS_MOVE = YES;
				CLANG_WARN_UNGUARDED_AVAILABILITY = YES_AGGRESSIVE;
				CLANG_WARN_UNREACHABLE_CODE = YES;
				CLANG_WARN__DUPLICATE_METHOD_MATCH = YES;
				CODE_SIGN_IDENTITY = "iPhone Developer";
				COPY_PHASE_STRIP = NO;
				DEBUG_INFORMATION_FORMAT = "dwarf-with-dsym";
				ENABLE_NS_ASSERTIONS = NO;
				ENABLE_STRICT_OBJC_MSGSEND = YES;
				GCC_C_LANGUAGE_STANDARD = gnu11;
				GCC_NO_COMMON_BLOCKS = YES;
				GCC_WARN_64_TO_32_BIT_CONVERSION = YES;
				GCC_WARN_ABOUT_RETURN_TYPE = YES_ERROR;
				GCC_WARN_UNDECLARED_SELECTOR = YES;
				GCC_WARN_UNINITIALIZED_AUTOS = YES_AGGRESSIVE;
				GCC_WARN_UNUSED_FUNCTION = YES;
				GCC_WARN_UNUSED_VARIABLE = YES;
				IPHONEOS_DEPLOYMENT_TARGET = 11.4;
				MTL_ENABLE_DEBUG_INFO = NO;
				SDKROOT = iphoneos;
				SWIFT_COMPILATION_MODE = wholemodule;
				SWIFT_OPTIMIZATION_LEVEL = "-O";
				VALIDATE_PRODUCT = YES;
			};
			name = Release;
		};
		41877DCB29ED9DEB00765193 /* Debug */ = {
			isa = XCBuildConfiguration;
			buildSettings = {
				ASSETCATALOG_COMPILER_APPICON_NAME = AppIcon;
				CODE_SIGN_STYLE = Automatic;
				INFOPLIST_FILE = CoreDataApp/Info.plist;
				LD_RUNPATH_SEARCH_PATHS = (
					"$(inherited)",
					"@executable_path/Frameworks",
				);
				PRODUCT_BUNDLE_IDENTIFIER = CustomTableViewApp.CoreDataApp;
				PRODUCT_NAME = "$(TARGET_NAME)";
				SWIFT_VERSION = 4.0;
				TARGETED_DEVICE_FAMILY = "1,2";
			};
			name = Debug;
		};
		41877DCC29ED9DEB00765193 /* Release */ = {
			isa = XCBuildConfiguration;
			buildSettings = {
				ASSETCATALOG_COMPILER_APPICON_NAME = AppIcon;
				CODE_SIGN_STYLE = Automatic;
				INFOPLIST_FILE = CoreDataApp/Info.plist;
				LD_RUNPATH_SEARCH_PATHS = (
					"$(inherited)",
					"@executable_path/Frameworks",
				);
				PRODUCT_BUNDLE_IDENTIFIER = CustomTableViewApp.CoreDataApp;
				PRODUCT_NAME = "$(TARGET_NAME)";
				SWIFT_VERSION = 4.0;
				TARGETED_DEVICE_FAMILY = "1,2";
			};
			name = Release;
		};
		41877DCE29ED9DEB00765193 /* Debug */ = {
			isa = XCBuildConfiguration;
			buildSettings = {
				ALWAYS_EMBED_SWIFT_STANDARD_LIBRARIES = YES;
				CODE_SIGN_STYLE = Automatic;
				INFOPLIST_FILE = CoreDataAppUITests/Info.plist;
				LD_RUNPATH_SEARCH_PATHS = (
					"$(inherited)",
					"@executable_path/Frameworks",
					"@loader_path/Frameworks",
				);
				PRODUCT_BUNDLE_IDENTIFIER = CustomTableViewApp.CoreDataAppUITests;
				PRODUCT_NAME = "$(TARGET_NAME)";
				SWIFT_VERSION = 4.0;
				TARGETED_DEVICE_FAMILY = "1,2";
				TEST_TARGET_NAME = CoreDataApp;
			};
			name = Debug;
		};
		41877DCF29ED9DEB00765193 /* Release */ = {
			isa = XCBuildConfiguration;
			buildSettings = {
				ALWAYS_EMBED_SWIFT_STANDARD_LIBRARIES = YES;
				CODE_SIGN_STYLE = Automatic;
				INFOPLIST_FILE = CoreDataAppUITests/Info.plist;
				LD_RUNPATH_SEARCH_PATHS = (
					"$(inherited)",
					"@executable_path/Frameworks",
					"@loader_path/Frameworks",
				);
				PRODUCT_BUNDLE_IDENTIFIER = CustomTableViewApp.CoreDataAppUITests;
				PRODUCT_NAME = "$(TARGET_NAME)";
				SWIFT_VERSION = 4.0;
				TARGETED_DEVICE_FAMILY = "1,2";
				TEST_TARGET_NAME = CoreDataApp;
			};
			name = Release;
		};
/* End XCBuildConfiguration section */

/* Begin XCConfigurationList section */
		41877DA529ED9DDE00765193 /* Build configuration list for PBXProject "CoreDataApp" */ = {
			isa = XCConfigurationList;
			buildConfigurations = (
				41877DC829ED9DEB00765193 /* Debug */,
				41877DC929ED9DEB00765193 /* Release */,
			);
			defaultConfigurationIsVisible = 0;
			defaultConfigurationName = Release;
		};
		41877DCA29ED9DEB00765193 /* Build configuration list for PBXNativeTarget "CoreDataApp" */ = {
			isa = XCConfigurationList;
			buildConfigurations = (
				41877DCB29ED9DEB00765193 /* Debug */,
				41877DCC29ED9DEB00765193 /* Release */,
			);
			defaultConfigurationIsVisible = 0;
			defaultConfigurationName = Release;
		};
		41877DCD29ED9DEB00765193 /* Build configuration list for PBXNativeTarget "CoreDataAppUITests" */ = {
			isa = XCConfigurationList;
			buildConfigurations = (
				41877DCE29ED9DEB00765193 /* Debug */,
				41877DCF29ED9DEB00765193 /* Release */,
			);
			defaultConfigurationIsVisible = 0;
			defaultConfigurationName = Release;
		};
/* End XCConfigurationList section */

/* Begin XCVersionGroup section */
		41877DB429ED9DDF00765193 /* CoreDataApp.xcdatamodeld */ = {
			isa = XCVersionGroup;
			children = (
				41877DB529ED9DDF00765193 /* CoreDataApp.xcdatamodel */,
			);
			currentVersion = 41877DB529ED9DDF00765193 /* CoreDataApp.xcdatamodel */;
			path = CoreDataApp.xcdatamodeld;
			sourceTree = "<group>";
			versionGroupType = wrapper.xcdatamodel;
		};
/* End XCVersionGroup section */
	};
	rootObject = 41877DA229ED9DDE00765193 /* Project object */;
}
